// !$*UTF8*$!
{
	archiveVersion = 1;
	classes = {
	};
	objectVersion = 50;
	objects = {

/* Begin PBXBuildFile section */
		3320D991CF11C8873B4F8B60 /* libPods-ImageToExcel.a in Frameworks */ = {isa = PBXBuildFile; fileRef = 2FBBC2FC80B639874F841EA0 /* libPods-ImageToExcel.a */; };
		C8BC56DA209E2B9800E2ADBF /* main.swift in Sources */ = {isa = PBXBuildFile; fileRef = C8BC56D9209E2B9800E2ADBF /* main.swift */; };
/* End PBXBuildFile section */

/* Begin PBXCopyFilesBuildPhase section */
		C8BC56D4209E2B9800E2ADBF /* CopyFiles */ = {
			isa = PBXCopyFilesBuildPhase;
			buildActionMask = 2147483647;
			dstPath = /usr/share/man/man1/;
			dstSubfolderSpec = 0;
			files = (
			);
			runOnlyForDeploymentPostprocessing = 1;
		};
/* End PBXCopyFilesBuildPhase section */

/* Begin PBXFileReference section */
		2FBBC2FC80B639874F841EA0 /* libPods-ImageToExcel.a */ = {isa = PBXFileReference; explicitFileType = archive.ar; includeInIndex = 0; path = "libPods-ImageToExcel.a"; sourceTree = BUILT_PRODUCTS_DIR; };
		3ED471BAB812F601C4402B7A /* Pods-ImageToExcel.debug.xcconfig */ = {isa = PBXFileReference; includeInIndex = 1; lastKnownFileType = text.xcconfig; name = "Pods-ImageToExcel.debug.xcconfig"; path = "Pods/Target Support Files/Pods-ImageToExcel/Pods-ImageToExcel.debug.xcconfig"; sourceTree = "<group>"; };
		C8BC56D6209E2B9800E2ADBF /* ImageToExcel */ = {isa = PBXFileReference; explicitFileType = "compiled.mach-o.executable"; includeInIndex = 0; path = ImageToExcel; sourceTree = BUILT_PRODUCTS_DIR; };
		C8BC56D9209E2B9800E2ADBF /* main.swift */ = {isa = PBXFileReference; lastKnownFileType = sourcecode.swift; path = main.swift; sourceTree = "<group>"; };
		C8BC56E0209E2CF800E2ADBF /* ImageToExcel-Bridging-Header.h */ = {isa = PBXFileReference; lastKnownFileType = sourcecode.c.h; path = "ImageToExcel-Bridging-Header.h"; sourceTree = "<group>"; };
		D0DC3FF8EE0D11C79F5D295E /* Pods-ImageToExcel.release.xcconfig */ = {isa = PBXFileReference; includeInIndex = 1; lastKnownFileType = text.xcconfig; name = "Pods-ImageToExcel.release.xcconfig"; path = "Pods/Target Support Files/Pods-ImageToExcel/Pods-ImageToExcel.release.xcconfig"; sourceTree = "<group>"; };
/* End PBXFileReference section */

/* Begin PBXFrameworksBuildPhase section */
		C8BC56D3209E2B9800E2ADBF /* Frameworks */ = {
			isa = PBXFrameworksBuildPhase;
			buildActionMask = 2147483647;
			files = (
				3320D991CF11C8873B4F8B60 /* libPods-ImageToExcel.a in Frameworks */,
			);
			runOnlyForDeploymentPostprocessing = 0;
		};
/* End PBXFrameworksBuildPhase section */

/* Begin PBXGroup section */
		3F5CE81DDCCB1E2BEFE6DEFF /* Frameworks */ = {
			isa = PBXGroup;
			children = (
				2FBBC2FC80B639874F841EA0 /* libPods-ImageToExcel.a */,
			);
			name = Frameworks;
			sourceTree = "<group>";
		};
		4CA690817339DFC10AC52D4F /* Pods */ = {
			isa = PBXGroup;
			children = (
				3ED471BAB812F601C4402B7A /* Pods-ImageToExcel.debug.xcconfig */,
				D0DC3FF8EE0D11C79F5D295E /* Pods-ImageToExcel.release.xcconfig */,
			);
			name = Pods;
			sourceTree = "<group>";
		};
		C8BC56CD209E2B9800E2ADBF = {
			isa = PBXGroup;
			children = (
				C8BC56D8209E2B9800E2ADBF /* ImageToExcel */,
				C8BC56D7209E2B9800E2ADBF /* Products */,
				4CA690817339DFC10AC52D4F /* Pods */,
				3F5CE81DDCCB1E2BEFE6DEFF /* Frameworks */,
			);
			sourceTree = "<group>";
		};
		C8BC56D7209E2B9800E2ADBF /* Products */ = {
			isa = PBXGroup;
			children = (
				C8BC56D6209E2B9800E2ADBF /* ImageToExcel */,
			);
			name = Products;
			sourceTree = "<group>";
		};
		C8BC56D8209E2B9800E2ADBF /* ImageToExcel */ = {
			isa = PBXGroup;
			children = (
				C8BC56E0209E2CF800E2ADBF /* ImageToExcel-Bridging-Header.h */,
				C8BC56D9209E2B9800E2ADBF /* main.swift */,
			);
			path = ImageToExcel;
			sourceTree = "<group>";
		};
/* End PBXGroup section */

/* Begin PBXNativeTarget section */
		C8BC56D5209E2B9800E2ADBF /* ImageToExcel */ = {
			isa = PBXNativeTarget;
			buildConfigurationList = C8BC56DD209E2B9800E2ADBF /* Build configuration list for PBXNativeTarget "ImageToExcel" */;
			buildPhases = (
				15B9FAA9F666FFEE82CA066D /* [CP] Check Pods Manifest.lock */,
				C8BC56D2209E2B9800E2ADBF /* Sources */,
				C8BC56D3209E2B9800E2ADBF /* Frameworks */,
				C8BC56D4209E2B9800E2ADBF /* CopyFiles */,
				1A5019AF2EFA98A7B944CBCD /* [CP] Copy Pods Resources */,
			);
			buildRules = (
			);
			dependencies = (
			);
			name = ImageToExcel;
			productName = ImageToExcel;
			productReference = C8BC56D6209E2B9800E2ADBF /* ImageToExcel */;
			productType = "com.apple.product-type.tool";
		};
/* End PBXNativeTarget section */

/* Begin PBXProject section */
		C8BC56CE209E2B9800E2ADBF /* Project object */ = {
			isa = PBXProject;
			attributes = {
				LastSwiftUpdateCheck = 0940;
				LastUpgradeCheck = 0940;
				ORGANIZATIONNAME = Neef.co;
				TargetAttributes = {
					C8BC56D5209E2B9800E2ADBF = {
						CreatedOnToolsVersion = 9.4;
					};
				};
			};
			buildConfigurationList = C8BC56D1209E2B9800E2ADBF /* Build configuration list for PBXProject "ImageToExcel" */;
			compatibilityVersion = "Xcode 9.3";
			developmentRegion = en;
			hasScannedForEncodings = 0;
			knownRegions = (
				en,
			);
			mainGroup = C8BC56CD209E2B9800E2ADBF;
			productRefGroup = C8BC56D7209E2B9800E2ADBF /* Products */;
			projectDirPath = "";
			projectRoot = "";
			targets = (
				C8BC56D5209E2B9800E2ADBF /* ImageToExcel */,
			);
		};
/* End PBXProject section */

/* Begin PBXShellScriptBuildPhase section */
		15B9FAA9F666FFEE82CA066D /* [CP] Check Pods Manifest.lock */ = {
			isa = PBXShellScriptBuildPhase;
			buildActionMask = 2147483647;
			files = (
			);
			inputPaths = (
				"${PODS_PODFILE_DIR_PATH}/Podfile.lock",
				"${PODS_ROOT}/Manifest.lock",
			);
			name = "[CP] Check Pods Manifest.lock";
			outputPaths = (
				"$(DERIVED_FILE_DIR)/Pods-ImageToExcel-checkManifestLockResult.txt",
			);
			runOnlyForDeploymentPostprocessing = 0;
			shellPath = /bin/sh;
			shellScript = "diff \"${PODS_PODFILE_DIR_PATH}/Podfile.lock\" \"${PODS_ROOT}/Manifest.lock\" > /dev/null\nif [ $? != 0 ] ; then\n    # print error to STDERR\n    echo \"error: The sandbox is not in sync with the Podfile.lock. Run 'pod install' or update your CocoaPods installation.\" >&2\n    exit 1\nfi\n# This output is used by Xcode 'outputs' to avoid re-running this script phase.\necho \"SUCCESS\" > \"${SCRIPT_OUTPUT_FILE_0}\"\n";
			showEnvVarsInLog = 0;
		};
		1A5019AF2EFA98A7B944CBCD /* [CP] Copy Pods Resources */ = {
			isa = PBXShellScriptBuildPhase;
			buildActionMask = 2147483647;
			files = (
			);
			inputPaths = (
			);
			name = "[CP] Copy Pods Resources";
			outputPaths = (
			);
			runOnlyForDeploymentPostprocessing = 0;
			shellPath = /bin/sh;
			shellScript = "\"${SRCROOT}/Pods/Target Support Files/Pods-ImageToExcel/Pods-ImageToExcel-resources.sh\"\n";
			showEnvVarsInLog = 0;
		};
/* End PBXShellScriptBuildPhase section */

/* Begin PBXSourcesBuildPhase section */
		C8BC56D2209E2B9800E2ADBF /* Sources */ = {
			isa = PBXSourcesBuildPhase;
			buildActionMask = 2147483647;
			files = (
				C8BC56DA209E2B9800E2ADBF /* main.swift in Sources */,
			);
			runOnlyForDeploymentPostprocessing = 0;
		};
/* End PBXSourcesBuildPhase section */

/* Begin XCBuildConfiguration section */
		C8BC56DB209E2B9800E2ADBF /* Debug */ = {
			isa = XCBuildConfiguration;
			buildSettings = {
				ALWAYS_SEARCH_USER_PATHS = NO;
				CLANG_ANALYZER_NONNULL = YES;
				CLANG_ANALYZER_NUMBER_OBJECT_CONVERSION = YES_AGGRESSIVE;
				CLANG_CXX_LANGUAGE_STANDARD = "gnu++14";
				CLANG_CXX_LIBRARY = "libc++";
				CLANG_ENABLE_MODULES = YES;
				CLANG_ENABLE_OBJC_ARC = YES;
				CLANG_ENABLE_OBJC_WEAK = YES;
				CLANG_WARN_BLOCK_CAPTURE_AUTORELEASING = YES;
				CLANG_WARN_BOOL_CONVERSION = YES;
				CLANG_WARN_COMMA = YES;
				CLANG_WARN_CONSTANT_CONVERSION = YES;
				CLANG_WARN_DEPRECATED_OBJC_IMPLEMENTATIONS = YES;
				CLANG_WARN_DIRECT_OBJC_ISA_USAGE = YES_ERROR;
				CLANG_WARN_DOCUMENTATION_COMMENTS = YES;
				CLANG_WARN_EMPTY_BODY = YES;
				CLANG_WARN_ENUM_CONVERSION = YES;
				CLANG_WARN_INFINITE_RECURSION = YES;
				CLANG_WARN_INT_CONVERSION = YES;
				CLANG_WARN_NON_LITERAL_NULL_CONVERSION = YES;
				CLANG_WARN_OBJC_IMPLICIT_RETAIN_SELF = YES;
				CLANG_WARN_OBJC_LITERAL_CONVERSION = YES;
				CLANG_WARN_OBJC_ROOT_CLASS = YES_ERROR;
				CLANG_WARN_RANGE_LOOP_ANALYSIS = YES;
				CLANG_WARN_STRICT_PROTOTYPES = YES;
				CLANG_WARN_SUSPICIOUS_MOVE = YES;
				CLANG_WARN_UNGUARDED_AVAILABILITY = YES_AGGRESSIVE;
				CLANG_WARN_UNREACHABLE_CODE = YES;
				CLANG_WARN__DUPLICATE_METHOD_MATCH = YES;
				CODE_SIGN_IDENTITY = "Mac Developer";
				COPY_PHASE_STRIP = NO;
				DEBUG_INFORMATION_FORMAT = dwarf;
				ENABLE_STRICT_OBJC_MSGSEND = YES;
				ENABLE_TESTABILITY = YES;
				GCC_C_LANGUAGE_STANDARD = gnu11;
				GCC_DYNAMIC_NO_PIC = NO;
				GCC_NO_COMMON_BLOCKS = YES;
				GCC_OPTIMIZATION_LEVEL = 0;
				GCC_PREPROCESSOR_DEFINITIONS = (
					"DEBUG=1",
					"$(inherited)",
				);
				GCC_WARN_64_TO_32_BIT_CONVERSION = YES;
				GCC_WARN_ABOUT_RETURN_TYPE = YES_ERROR;
				GCC_WARN_UNDECLARED_SELECTOR = YES;
				GCC_WARN_UNINITIALIZED_AUTOS = YES_AGGRESSIVE;
				GCC_WARN_UNUSED_FUNCTION = YES;
				GCC_WARN_UNUSED_VARIABLE = YES;
				MACOSX_DEPLOYMENT_TARGET = 10.13;
				MTL_ENABLE_DEBUG_INFO = YES;
				ONLY_ACTIVE_ARCH = YES;
				SDKROOT = macosx;
				SWIFT_ACTIVE_COMPILATION_CONDITIONS = DEBUG;
				SWIFT_OPTIMIZATION_LEVEL = "-Onone";
			};
			name = Debug;
		};
		C8BC56DC209E2B9800E2ADBF /* Release */ = {
			isa = XCBuildConfiguration;
			buildSettings = {
				ALWAYS_SEARCH_USER_PATHS = NO;
				CLANG_ANALYZER_NONNULL = YES;
				CLANG_ANALYZER_NUMBER_OBJECT_CONVERSION = YES_AGGRESSIVE;
				CLANG_CXX_LANGUAGE_STANDARD = "gnu++14";
				CLANG_CXX_LIBRARY = "libc++";
				CLANG_ENABLE_MODULES = YES;
				CLANG_ENABLE_OBJC_ARC = YES;
				CLANG_ENABLE_OBJC_WEAK = YES;
				CLANG_WARN_BLOCK_CAPTURE_AUTORELEASING = YES;
				CLANG_WARN_BOOL_CONVERSION = YES;
				CLANG_WARN_COMMA = YES;
				CLANG_WARN_CONSTANT_CONVERSION = YES;
				CLANG_WARN_DEPRECATED_OBJC_IMPLEMENTATIONS = YES;
				CLANG_WARN_DIRECT_OBJC_ISA_USAGE = YES_ERROR;
				CLANG_WARN_DOCUMENTATION_COMMENTS = YES;
				CLANG_WARN_EMPTY_BODY = YES;
				CLANG_WARN_ENUM_CONVERSION = YES;
				CLANG_WARN_INFINITE_RECURSION = YES;
				CLANG_WARN_INT_CONVERSION = YES;
				CLANG_WARN_NON_LITERAL_NULL_CONVERSION = YES;
				CLANG_WARN_OBJC_IMPLICIT_RETAIN_SELF = YES;
				CLANG_WARN_OBJC_LITERAL_CONVERSION = YES;
				CLANG_WARN_OBJC_ROOT_CLASS = YES_ERROR;
				CLANG_WARN_RANGE_LOOP_ANALYSIS = YES;
				CLANG_WARN_STRICT_PROTOTYPES = YES;
				CLANG_WARN_SUSPICIOUS_MOVE = YES;
				CLANG_WARN_UNGUARDED_AVAILABILITY = YES_AGGRESSIVE;
				CLANG_WARN_UNREACHABLE_CODE = YES;
				CLANG_WARN__DUPLICATE_METHOD_MATCH = YES;
				CODE_SIGN_IDENTITY = "Mac Developer";
				COPY_PHASE_STRIP = NO;
				DEBUG_INFORMATION_FORMAT = "dwarf-with-dsym";
				ENABLE_NS_ASSERTIONS = NO;
				ENABLE_STRICT_OBJC_MSGSEND = YES;
				GCC_C_LANGUAGE_STANDARD = gnu11;
				GCC_NO_COMMON_BLOCKS = YES;
				GCC_WARN_64_TO_32_BIT_CONVERSION = YES;
				GCC_WARN_ABOUT_RETURN_TYPE = YES_ERROR;
				GCC_WARN_UNDECLARED_SELECTOR = YES;
				GCC_WARN_UNINITIALIZED_AUTOS = YES_AGGRESSIVE;
				GCC_WARN_UNUSED_FUNCTION = YES;
				GCC_WARN_UNUSED_VARIABLE = YES;
				MACOSX_DEPLOYMENT_TARGET = 10.13;
				MTL_ENABLE_DEBUG_INFO = NO;
				SDKROOT = macosx;
				SWIFT_COMPILATION_MODE = wholemodule;
				SWIFT_OPTIMIZATION_LEVEL = "-O";
			};
			name = Release;
		};
		C8BC56DE209E2B9800E2ADBF /* Debug */ = {
			isa = XCBuildConfiguration;
			baseConfigurationReference = 3ED471BAB812F601C4402B7A /* Pods-ImageToExcel.debug.xcconfig */;
			buildSettings = {
				CODE_SIGN_STYLE = Automatic;
				DEVELOPMENT_TEAM = D42D4S8LQX;
				PRODUCT_NAME = "$(TARGET_NAME)";
				SWIFT_OBJC_BRIDGING_HEADER = "$(PROJECT_DIR)/$(PROJECT_NAME)/ImageToExcel-Bridging-Header.h";
				SWIFT_VERSION = 4.0;
			};
			name = Debug;
		};
		C8BC56DF209E2B9800E2ADBF /* Release */ = {
			isa = XCBuildConfiguration;
			baseConfigurationReference = D0DC3FF8EE0D11C79F5D295E /* Pods-ImageToExcel.release.xcconfig */;
			buildSettings = {
				CODE_SIGN_STYLE = Automatic;
				DEVELOPMENT_TEAM = D42D4S8LQX;
				PRODUCT_NAME = "$(TARGET_NAME)";
				SWIFT_OBJC_BRIDGING_HEADER = "$(PROJECT_DIR)/$(PROJECT_NAME)/ImageToExcel-Bridging-Header.h";
				SWIFT_VERSION = 4.0;
			};
			name = Release;
		};
/* End XCBuildConfiguration section */

/* Begin XCConfigurationList section */
		C8BC56D1209E2B9800E2ADBF /* Build configuration list for PBXProject "ImageToExcel" */ = {
			isa = XCConfigurationList;
			buildConfigurations = (
				C8BC56DB209E2B9800E2ADBF /* Debug */,
				C8BC56DC209E2B9800E2ADBF /* Release */,
			);
			defaultConfigurationIsVisible = 0;
			defaultConfigurationName = Release;
		};
		C8BC56DD209E2B9800E2ADBF /* Build configuration list for PBXNativeTarget "ImageToExcel" */ = {
			isa = XCConfigurationList;
			buildConfigurations = (
				C8BC56DE209E2B9800E2ADBF /* Debug */,
				C8BC56DF209E2B9800E2ADBF /* Release */,
			);
			defaultConfigurationIsVisible = 0;
			defaultConfigurationName = Release;
		};
/* End XCConfigurationList section */
	};
	rootObject = C8BC56CE209E2B9800E2ADBF /* Project object */;
}
